
Microsoft Visual Studio Solution File, Format Version 12.00
# Visual Studio 15
VisualStudioVersion = 15.0.27428.2002
MinimumVisualStudioVersion = 10.0.40219.1
Project("{F184B08F-C81C-45F6-A57F-5ABD9991F28F}") = "SwatInc.Interface.Astm", "SwatInc.Interface.Astm\SwatInc.Interface.Astm.vbproj", "{ADE9049F-F3B2-41B1-8A07-669145A64DDB}"
EndProject
Project("{F184B08F-C81C-45F6-A57F-5ABD9991F28F}") = "SwatInc.Interface.TestNinja", "SwatInc.Interface.TestNinja\SwatInc.Interface.TestNinja.vbproj", "{C6AA9079-A779-442F-966F-142C282354EA}"
EndProject
Project("{D954291E-2A0B-460D-934E-DC6B0785DB48}") = "SwatInc.Extensions", "SwatInc.Extensions\SwatInc.Extensions.shproj", "{897DEE2A-BE41-4320-ABE5-DB939025F8B7}"
EndProject
Global
	GlobalSection(SharedMSBuildProjectFiles) = preSolution
		SwatInc.Extensions\SwatInc.Extensions.projitems*{897dee2a-be41-4320-abe5-db939025f8b7}*SharedItemsImports = 13
	EndGlobalSection
	GlobalSection(SolutionConfigurationPlatforms) = preSolution
		Debug|Any CPU = Debug|Any CPU
		Release|Any CPU = Release|Any CPU
	EndGlobalSection
	GlobalSection(ProjectConfigurationPlatforms) = postSolution
		{ADE9049F-F3B2-41B1-8A07-669145A64DDB}.Debug|Any CPU.ActiveCfg = Debug|Any CPU
		{ADE9049F-F3B2-41B1-8A07-669145A64DDB}.Debug|Any CPU.Build.0 = Debug|Any CPU
		{ADE9049F-F3B2-41B1-8A07-669145A64DDB}.Release|Any CPU.ActiveCfg = Release|Any CPU
		{ADE9049F-F3B2-41B1-8A07-669145A64DDB}.Release|Any CPU.Build.0 = Release|Any CPU
		{C6AA9079-A779-442F-966F-142C282354EA}.Debug|Any CPU.ActiveCfg = Debug|Any CPU
		{C6AA9079-A779-442F-966F-142C282354EA}.Debug|Any CPU.Build.0 = Debug|Any CPU
		{C6AA9079-A779-442F-966F-142C282354EA}.Release|Any CPU.ActiveCfg = Release|Any CPU
		{C6AA9079-A779-442F-966F-142C282354EA}.Release|Any CPU.Build.0 = Release|Any CPU
	EndGlobalSection
	GlobalSection(SolutionProperties) = preSolution
		HideSolutionNode = FALSE
	EndGlobalSection
	GlobalSection(ExtensibilityGlobals) = postSolution
		SolutionGuid = {C8FB52E8-D854-488F-9667-2B9EF019DC67}
	EndGlobalSection
EndGlobal
